
Microsoft Visual Studio Solution File, Format Version 12.00
Project("{FAE04EC0-301F-11D3-BF4B-00C04F79EFBC}") = "LinnworksTechTest", "LinnworksTechTest.csproj", "{83022992-5924-4F01-921A-8C8886072875}"
EndProject
Global
	GlobalSection(SolutionConfigurationPlatforms) = preSolution
		Debug|Any CPU = Debug|Any CPU
		Release|Any CPU = Release|Any CPU
	EndGlobalSection
	GlobalSection(ProjectConfigurationPlatforms) = postSolution
		{83022992-5924-4F01-921A-8C8886072875}.Debug|Any CPU.ActiveCfg = Debug|Any CPU
		{83022992-5924-4F01-921A-8C8886072875}.Debug|Any CPU.Build.0 = Debug|Any CPU
		{83022992-5924-4F01-921A-8C8886072875}.Release|Any CPU.ActiveCfg = Release|Any CPU
		{83022992-5924-4F01-921A-8C8886072875}.Release|Any CPU.Build.0 = Release|Any CPU
	EndGlobalSection
EndGlobal
